# This file is automatically @generated by Cargo.
# It is not intended for manual editing.
version = 3

[[package]]
name = "binary-tree"
version = "0.1.0"

[[package]]
name = "dsa-using-smart-pointers"
version = "0.1.0"
dependencies = [
 "binary-tree",
 "persist-link",
]

[[package]]
name = "persist-link"
version = "0.1.0"
